// !$*UTF8*$!
{
	archiveVersion = 1;
	classes = {
	};
	objectVersion = 48;
	objects = {

/* Begin PBXBuildFile section */
		32096972206CCB7000D797D6 /* ThreeViewController.m in Sources */ = {isa = PBXBuildFile; fileRef = 32096970206CCB7000D797D6 /* ThreeViewController.m */; };
		32096973206CCB7000D797D6 /* ThreeViewController.xib in Resources */ = {isa = PBXBuildFile; fileRef = 32096971206CCB7000D797D6 /* ThreeViewController.xib */; };
		32096978206CCCE600D797D6 /* Animater3.m in Sources */ = {isa = PBXBuildFile; fileRef = 32096977206CCCE600D797D6 /* Animater3.m */; };
		321411F6206DD61D0043B39C /* Item2ViewController.m in Sources */ = {isa = PBXBuildFile; fileRef = 321411F5206DD61D0043B39C /* Item2ViewController.m */; };
		321411FB206DD6770043B39C /* PushedViewController.m in Sources */ = {isa = PBXBuildFile; fileRef = 321411F9206DD6770043B39C /* PushedViewController.m */; };
		321411FC206DD6770043B39C /* PushedViewController.xib in Resources */ = {isa = PBXBuildFile; fileRef = 321411FA206DD6770043B39C /* PushedViewController.xib */; };
		321411FF206DD6970043B39C /* NavAnimater.m in Sources */ = {isa = PBXBuildFile; fileRef = 321411FE206DD6970043B39C /* NavAnimater.m */; };
		32141205206E06440043B39C /* AnimationTabarViewController.m in Sources */ = {isa = PBXBuildFile; fileRef = 32141204206E06440043B39C /* AnimationTabarViewController.m */; };
		32141209206E06CF0043B39C /* tabbarAnimater.m in Sources */ = {isa = PBXBuildFile; fileRef = 32141208206E06CF0043B39C /* tabbarAnimater.m */; };
		3214120C206E43310043B39C /* Item3ViewController.m in Sources */ = {isa = PBXBuildFile; fileRef = 3214120B206E43310043B39C /* Item3ViewController.m */; };
		32141210206E49950043B39C /* InteractiveTranViewController.m in Sources */ = {isa = PBXBuildFile; fileRef = 3214120F206E49950043B39C /* InteractiveTranViewController.m */; };
		32141213206E4FDA0043B39C /* InteractionAnimater.m in Sources */ = {isa = PBXBuildFile; fileRef = 32141212206E4FDA0043B39C /* InteractionAnimater.m */; };
		32141217206E57A30043B39C /* InteractiveTranViewController.xib in Resources */ = {isa = PBXBuildFile; fileRef = 32141216206E57A30043B39C /* InteractiveTranViewController.xib */; };
		327AF6F5206B940200A95FC5 /* AppDelegate.m in Sources */ = {isa = PBXBuildFile; fileRef = 327AF6F4206B940200A95FC5 /* AppDelegate.m */; };
		327AF6F8206B940300A95FC5 /* Item1ViewController.m in Sources */ = {isa = PBXBuildFile; fileRef = 327AF6F7206B940200A95FC5 /* Item1ViewController.m */; };
		327AF6FD206B940300A95FC5 /* Assets.xcassets in Resources */ = {isa = PBXBuildFile; fileRef = 327AF6FC206B940300A95FC5 /* Assets.xcassets */; };
		327AF700206B940300A95FC5 /* LaunchScreen.storyboard in Resources */ = {isa = PBXBuildFile; fileRef = 327AF6FE206B940300A95FC5 /* LaunchScreen.storyboard */; };
		327AF703206B940300A95FC5 /* main.m in Sources */ = {isa = PBXBuildFile; fileRef = 327AF702206B940300A95FC5 /* main.m */; };
		327AF70C206B94BC00A95FC5 /* TwoViewController.m in Sources */ = {isa = PBXBuildFile; fileRef = 327AF70A206B94BC00A95FC5 /* TwoViewController.m */; };
		327AF70D206B94BC00A95FC5 /* TwoViewController.xib in Resources */ = {isa = PBXBuildFile; fileRef = 327AF70B206B94BC00A95FC5 /* TwoViewController.xib */; };
		327AF710206B978100A95FC5 /* Animater.m in Sources */ = {isa = PBXBuildFile; fileRef = 327AF70F206B978100A95FC5 /* Animater.m */; };
		327AF712206BB45400A95FC5 /* Main.storyboard in Resources */ = {isa = PBXBuildFile; fileRef = 327AF711206BB45400A95FC5 /* Main.storyboard */; };
/* End PBXBuildFile section */

/* Begin PBXFileReference section */
		3209696F206CCB7000D797D6 /* ThreeViewController.h */ = {isa = PBXFileReference; lastKnownFileType = sourcecode.c.h; path = ThreeViewController.h; sourceTree = "<group>"; };
		32096970206CCB7000D797D6 /* ThreeViewController.m */ = {isa = PBXFileReference; lastKnownFileType = sourcecode.c.objc; path = ThreeViewController.m; sourceTree = "<group>"; };
		32096971206CCB7000D797D6 /* ThreeViewController.xib */ = {isa = PBXFileReference; lastKnownFileType = file.xib; path = ThreeViewController.xib; sourceTree = "<group>"; };
		32096976206CCCE600D797D6 /* Animater3.h */ = {isa = PBXFileReference; lastKnownFileType = sourcecode.c.h; path = Animater3.h; sourceTree = "<group>"; };
		32096977206CCCE600D797D6 /* Animater3.m */ = {isa = PBXFileReference; lastKnownFileType = sourcecode.c.objc; path = Animater3.m; sourceTree = "<group>"; };
		321411F4206DD61D0043B39C /* Item2ViewController.h */ = {isa = PBXFileReference; lastKnownFileType = sourcecode.c.h; path = Item2ViewController.h; sourceTree = "<group>"; };
		321411F5206DD61D0043B39C /* Item2ViewController.m */ = {isa = PBXFileReference; lastKnownFileType = sourcecode.c.objc; path = Item2ViewController.m; sourceTree = "<group>"; };
		321411F8206DD6770043B39C /* PushedViewController.h */ = {isa = PBXFileReference; lastKnownFileType = sourcecode.c.h; path = PushedViewController.h; sourceTree = "<group>"; };
		321411F9206DD6770043B39C /* PushedViewController.m */ = {isa = PBXFileReference; lastKnownFileType = sourcecode.c.objc; path = PushedViewController.m; sourceTree = "<group>"; };
		321411FA206DD6770043B39C /* PushedViewController.xib */ = {isa = PBXFileReference; lastKnownFileType = file.xib; path = PushedViewController.xib; sourceTree = "<group>"; };
		321411FD206DD6970043B39C /* NavAnimater.h */ = {isa = PBXFileReference; lastKnownFileType = sourcecode.c.h; path = NavAnimater.h; sourceTree = "<group>"; };
		321411FE206DD6970043B39C /* NavAnimater.m */ = {isa = PBXFileReference; lastKnownFileType = sourcecode.c.objc; path = NavAnimater.m; sourceTree = "<group>"; };
		32141203206E06440043B39C /* AnimationTabbarViewController.h */ = {isa = PBXFileReference; lastKnownFileType = sourcecode.c.h; path = AnimationTabbarViewController.h; sourceTree = "<group>"; };
		32141204206E06440043B39C /* AnimationTabarViewController.m */ = {isa = PBXFileReference; lastKnownFileType = sourcecode.c.objc; path = AnimationTabarViewController.m; sourceTree = "<group>"; };
		32141207206E06CF0043B39C /* tabbarAnimater.h */ = {isa = PBXFileReference; lastKnownFileType = sourcecode.c.h; path = tabbarAnimater.h; sourceTree = "<group>"; };
		32141208206E06CF0043B39C /* tabbarAnimater.m */ = {isa = PBXFileReference; lastKnownFileType = sourcecode.c.objc; path = tabbarAnimater.m; sourceTree = "<group>"; };
		3214120A206E43310043B39C /* Item3ViewController.h */ = {isa = PBXFileReference; lastKnownFileType = sourcecode.c.h; path = Item3ViewController.h; sourceTree = "<group>"; };
		3214120B206E43310043B39C /* Item3ViewController.m */ = {isa = PBXFileReference; lastKnownFileType = sourcecode.c.objc; path = Item3ViewController.m; sourceTree = "<group>"; };
		3214120E206E49950043B39C /* InteractiveTranViewController.h */ = {isa = PBXFileReference; lastKnownFileType = sourcecode.c.h; path = InteractiveTranViewController.h; sourceTree = "<group>"; };
		3214120F206E49950043B39C /* InteractiveTranViewController.m */ = {isa = PBXFileReference; lastKnownFileType = sourcecode.c.objc; path = InteractiveTranViewController.m; sourceTree = "<group>"; };
		32141211206E4FDA0043B39C /* InteractionAnimater.h */ = {isa = PBXFileReference; lastKnownFileType = sourcecode.c.h; path = InteractionAnimater.h; sourceTree = "<group>"; };
		32141212206E4FDA0043B39C /* InteractionAnimater.m */ = {isa = PBXFileReference; lastKnownFileType = sourcecode.c.objc; path = InteractionAnimater.m; sourceTree = "<group>"; };
		32141216206E57A30043B39C /* InteractiveTranViewController.xib */ = {isa = PBXFileReference; lastKnownFileType = file.xib; path = InteractiveTranViewController.xib; sourceTree = "<group>"; };
		327AF6F0206B940200A95FC5 /* transitionDemo.app */ = {isa = PBXFileReference; explicitFileType = wrapper.application; includeInIndex = 0; path = transitionDemo.app; sourceTree = BUILT_PRODUCTS_DIR; };
		327AF6F3206B940200A95FC5 /* AppDelegate.h */ = {isa = PBXFileReference; lastKnownFileType = sourcecode.c.h; path = AppDelegate.h; sourceTree = "<group>"; };
		327AF6F4206B940200A95FC5 /* AppDelegate.m */ = {isa = PBXFileReference; lastKnownFileType = sourcecode.c.objc; path = AppDelegate.m; sourceTree = "<group>"; };
		327AF6F6206B940200A95FC5 /* Item1ViewController.h */ = {isa = PBXFileReference; lastKnownFileType = sourcecode.c.h; path = Item1ViewController.h; sourceTree = "<group>"; };
		327AF6F7206B940200A95FC5 /* Item1ViewController.m */ = {isa = PBXFileReference; lastKnownFileType = sourcecode.c.objc; path = Item1ViewController.m; sourceTree = "<group>"; };
		327AF6FC206B940300A95FC5 /* Assets.xcassets */ = {isa = PBXFileReference; lastKnownFileType = folder.assetcatalog; path = Assets.xcassets; sourceTree = "<group>"; };
		327AF6FF206B940300A95FC5 /* Base */ = {isa = PBXFileReference; lastKnownFileType = file.storyboard; name = Base; path = Base.lproj/LaunchScreen.storyboard; sourceTree = "<group>"; };
		327AF701206B940300A95FC5 /* Info.plist */ = {isa = PBXFileReference; lastKnownFileType = text.plist.xml; path = Info.plist; sourceTree = "<group>"; };
		327AF702206B940300A95FC5 /* main.m */ = {isa = PBXFileReference; lastKnownFileType = sourcecode.c.objc; path = main.m; sourceTree = "<group>"; };
		327AF709206B94BC00A95FC5 /* TwoViewController.h */ = {isa = PBXFileReference; lastKnownFileType = sourcecode.c.h; path = TwoViewController.h; sourceTree = "<group>"; };
		327AF70A206B94BC00A95FC5 /* TwoViewController.m */ = {isa = PBXFileReference; lastKnownFileType = sourcecode.c.objc; path = TwoViewController.m; sourceTree = "<group>"; };
		327AF70B206B94BC00A95FC5 /* TwoViewController.xib */ = {isa = PBXFileReference; lastKnownFileType = file.xib; path = TwoViewController.xib; sourceTree = "<group>"; };
		327AF70E206B978100A95FC5 /* Animater.h */ = {isa = PBXFileReference; lastKnownFileType = sourcecode.c.h; path = Animater.h; sourceTree = "<group>"; };
		327AF70F206B978100A95FC5 /* Animater.m */ = {isa = PBXFileReference; lastKnownFileType = sourcecode.c.objc; path = Animater.m; sourceTree = "<group>"; };
		327AF711206BB45400A95FC5 /* Main.storyboard */ = {isa = PBXFileReference; fileEncoding = 4; lastKnownFileType = file.storyboard; path = Main.storyboard; sourceTree = "<group>"; };
/* End PBXFileReference section */

/* Begin PBXFrameworksBuildPhase section */
		327AF6ED206B940200A95FC5 /* Frameworks */ = {
			isa = PBXFrameworksBuildPhase;
			buildActionMask = 2147483647;
			files = (
			);
			runOnlyForDeploymentPostprocessing = 0;
		};
/* End PBXFrameworksBuildPhase section */

/* Begin PBXGroup section */
		32096974206CCBF400D797D6 /* Three */ = {
			isa = PBXGroup;
			children = (
				3209696F206CCB7000D797D6 /* ThreeViewController.h */,
				32096970206CCB7000D797D6 /* ThreeViewController.m */,
				32096971206CCB7000D797D6 /* ThreeViewController.xib */,
				32096976206CCCE600D797D6 /* Animater3.h */,
				32096977206CCCE600D797D6 /* Animater3.m */,
			);
			path = Three;
			sourceTree = "<group>";
		};
		32096975206CCBF800D797D6 /* Two */ = {
			isa = PBXGroup;
			children = (
				327AF709206B94BC00A95FC5 /* TwoViewController.h */,
				327AF70A206B94BC00A95FC5 /* TwoViewController.m */,
				327AF70B206B94BC00A95FC5 /* TwoViewController.xib */,
				327AF70E206B978100A95FC5 /* Animater.h */,
				327AF70F206B978100A95FC5 /* Animater.m */,
			);
			path = Two;
			sourceTree = "<group>";
		};
		321411F7206DD6580043B39C /* pushed */ = {
			isa = PBXGroup;
			children = (
				321411F8206DD6770043B39C /* PushedViewController.h */,
				321411F9206DD6770043B39C /* PushedViewController.m */,
				321411FA206DD6770043B39C /* PushedViewController.xib */,
				321411FD206DD6970043B39C /* NavAnimater.h */,
				321411FE206DD6970043B39C /* NavAnimater.m */,
			);
			path = pushed;
			sourceTree = "<group>";
		};
		32141206206E06AB0043B39C /* tabbar */ = {
			isa = PBXGroup;
			children = (
				32141207206E06CF0043B39C /* tabbarAnimater.h */,
				32141208206E06CF0043B39C /* tabbarAnimater.m */,
			);
			path = tabbar;
			sourceTree = "<group>";
		};
		3214120D206E49330043B39C /* InteractiveTransitioning */ = {
			isa = PBXGroup;
			children = (
				3214120E206E49950043B39C /* InteractiveTranViewController.h */,
				3214120F206E49950043B39C /* InteractiveTranViewController.m */,
				32141211206E4FDA0043B39C /* InteractionAnimater.h */,
				32141212206E4FDA0043B39C /* InteractionAnimater.m */,
				32141216206E57A30043B39C /* InteractiveTranViewController.xib */,
			);
			path = InteractiveTransitioning;
			sourceTree = "<group>";
		};
		327AF6E7206B940200A95FC5 = {
			isa = PBXGroup;
			children = (
				327AF6F2206B940200A95FC5 /* transitionDemo */,
				327AF6F1206B940200A95FC5 /* Products */,
			);
			sourceTree = "<group>";
		};
		327AF6F1206B940200A95FC5 /* Products */ = {
			isa = PBXGroup;
			children = (
				327AF6F0206B940200A95FC5 /* transitionDemo.app */,
			);
			name = Products;
			sourceTree = "<group>";
		};
		327AF6F2206B940200A95FC5 /* transitionDemo */ = {
			isa = PBXGroup;
			children = (
				3214120D206E49330043B39C /* InteractiveTransitioning */,
				32141206206E06AB0043B39C /* tabbar */,
				321411F7206DD6580043B39C /* pushed */,
				32096975206CCBF800D797D6 /* Two */,
				32096974206CCBF400D797D6 /* Three */,
				327AF711206BB45400A95FC5 /* Main.storyboard */,
				327AF6F3206B940200A95FC5 /* AppDelegate.h */,
				327AF6F4206B940200A95FC5 /* AppDelegate.m */,
				32141203206E06440043B39C /* AnimationTabbarViewController.h */,
				32141204206E06440043B39C /* AnimationTabarViewController.m */,
				327AF6F6206B940200A95FC5 /* Item1ViewController.h */,
				327AF6F7206B940200A95FC5 /* Item1ViewController.m */,
				321411F4206DD61D0043B39C /* Item2ViewController.h */,
				321411F5206DD61D0043B39C /* Item2ViewController.m */,
				3214120A206E43310043B39C /* Item3ViewController.h */,
				3214120B206E43310043B39C /* Item3ViewController.m */,
				327AF6FC206B940300A95FC5 /* Assets.xcassets */,
				327AF6FE206B940300A95FC5 /* LaunchScreen.storyboard */,
				327AF701206B940300A95FC5 /* Info.plist */,
				327AF702206B940300A95FC5 /* main.m */,
			);
			path = transitionDemo;
			sourceTree = "<group>";
		};
/* End PBXGroup section */

/* Begin PBXNativeTarget section */
		327AF6EF206B940200A95FC5 /* transitionDemo */ = {
			isa = PBXNativeTarget;
			buildConfigurationList = 327AF706206B940300A95FC5 /* Build configuration list for PBXNativeTarget "transitionDemo" */;
			buildPhases = (
				327AF6EC206B940200A95FC5 /* Sources */,
				327AF6ED206B940200A95FC5 /* Frameworks */,
				327AF6EE206B940200A95FC5 /* Resources */,
			);
			buildRules = (
			);
			dependencies = (
			);
			name = transitionDemo;
			productName = transitionDemo;
			productReference = 327AF6F0206B940200A95FC5 /* transitionDemo.app */;
			productType = "com.apple.product-type.application";
		};
/* End PBXNativeTarget section */

/* Begin PBXProject section */
		327AF6E8206B940200A95FC5 /* Project object */ = {
			isa = PBXProject;
			attributes = {
				LastUpgradeCheck = 0920;
				ORGANIZATIONNAME = yangaichun;
				TargetAttributes = {
					327AF6EF206B940200A95FC5 = {
						CreatedOnToolsVersion = 9.2;
						ProvisioningStyle = Automatic;
					};
				};
			};
			buildConfigurationList = 327AF6EB206B940200A95FC5 /* Build configuration list for PBXProject "transitionDemo" */;
			compatibilityVersion = "Xcode 8.0";
			developmentRegion = en;
			hasScannedForEncodings = 0;
			knownRegions = (
				en,
				Base,
			);
			mainGroup = 327AF6E7206B940200A95FC5;
			productRefGroup = 327AF6F1206B940200A95FC5 /* Products */;
			projectDirPath = "";
			projectRoot = "";
			targets = (
				327AF6EF206B940200A95FC5 /* transitionDemo */,
			);
		};
/* End PBXProject section */

/* Begin PBXResourcesBuildPhase section */
		327AF6EE206B940200A95FC5 /* Resources */ = {
			isa = PBXResourcesBuildPhase;
			buildActionMask = 2147483647;
			files = (
				327AF700206B940300A95FC5 /* LaunchScreen.storyboard in Resources */,
				321411FC206DD6770043B39C /* PushedViewController.xib in Resources */,
				327AF6FD206B940300A95FC5 /* Assets.xcassets in Resources */,
				32141217206E57A30043B39C /* InteractiveTranViewController.xib in Resources */,
				327AF70D206B94BC00A95FC5 /* TwoViewController.xib in Resources */,
				32096973206CCB7000D797D6 /* ThreeViewController.xib in Resources */,
				327AF712206BB45400A95FC5 /* Main.storyboard in Resources */,
			);
			runOnlyForDeploymentPostprocessing = 0;
		};
/* End PBXResourcesBuildPhase section */

/* Begin PBXSourcesBuildPhase section */
		327AF6EC206B940200A95FC5 /* Sources */ = {
			isa = PBXSourcesBuildPhase;
			buildActionMask = 2147483647;
			files = (
				321411F6206DD61D0043B39C /* Item2ViewController.m in Sources */,
				327AF710206B978100A95FC5 /* Animater.m in Sources */,
				327AF6F8206B940300A95FC5 /* Item1ViewController.m in Sources */,
				327AF703206B940300A95FC5 /* main.m in Sources */,
				32141209206E06CF0043B39C /* tabbarAnimater.m in Sources */,
				32096972206CCB7000D797D6 /* ThreeViewController.m in Sources */,
				327AF6F5206B940200A95FC5 /* AppDelegate.m in Sources */,
				321411FF206DD6970043B39C /* NavAnimater.m in Sources */,
				32141210206E49950043B39C /* InteractiveTranViewController.m in Sources */,
				327AF70C206B94BC00A95FC5 /* TwoViewController.m in Sources */,
				32096978206CCCE600D797D6 /* Animater3.m in Sources */,
				321411FB206DD6770043B39C /* PushedViewController.m in Sources */,
				32141213206E4FDA0043B39C /* InteractionAnimater.m in Sources */,
				3214120C206E43310043B39C /* Item3ViewController.m in Sources */,
				32141205206E06440043B39C /* AnimationTabarViewController.m in Sources */,
			);
			runOnlyForDeploymentPostprocessing = 0;
		};
/* End PBXSourcesBuildPhase section */

/* Begin PBXVariantGroup section */
		327AF6FE206B940300A95FC5 /* LaunchScreen.storyboard */ = {
			isa = PBXVariantGroup;
			children = (
				327AF6FF206B940300A95FC5 /* Base */,
			);
			name = LaunchScreen.storyboard;
			sourceTree = "<group>";
		};
/* End PBXVariantGroup section */

/* Begin XCBuildConfiguration section */
		327AF704206B940300A95FC5 /* Debug */ = {
			isa = XCBuildConfiguration;
			buildSettings = {
				ALWAYS_SEARCH_USER_PATHS = NO;
				CLANG_ANALYZER_NONNULL = YES;
				CLANG_ANALYZER_NUMBER_OBJECT_CONVERSION = YES_AGGRESSIVE;
				CLANG_CXX_LANGUAGE_STANDARD = "gnu++14";
				CLANG_CXX_LIBRARY = "libc++";
				CLANG_ENABLE_MODULES = YES;
				CLANG_ENABLE_OBJC_ARC = YES;
				CLANG_WARN_BLOCK_CAPTURE_AUTORELEASING = YES;
				CLANG_WARN_BOOL_CONVERSION = YES;
				CLANG_WARN_COMMA = YES;
				CLANG_WARN_CONSTANT_CONVERSION = YES;
				CLANG_WARN_DIRECT_OBJC_ISA_USAGE = YES_ERROR;
				CLANG_WARN_DOCUMENTATION_COMMENTS = YES;
				CLANG_WARN_EMPTY_BODY = YES;
				CLANG_WARN_ENUM_CONVERSION = YES;
				CLANG_WARN_INFINITE_RECURSION = YES;
				CLANG_WARN_INT_CONVERSION = YES;
				CLANG_WARN_NON_LITERAL_NULL_CONVERSION = YES;
				CLANG_WARN_OBJC_LITERAL_CONVERSION = YES;
				CLANG_WARN_OBJC_ROOT_CLASS = YES_ERROR;
				CLANG_WARN_RANGE_LOOP_ANALYSIS = YES;
				CLANG_WARN_STRICT_PROTOTYPES = YES;
				CLANG_WARN_SUSPICIOUS_MOVE = YES;
				CLANG_WARN_UNGUARDED_AVAILABILITY = YES_AGGRESSIVE;
				CLANG_WARN_UNREACHABLE_CODE = YES;
				CLANG_WARN__DUPLICATE_METHOD_MATCH = YES;
				CODE_SIGN_IDENTITY = "iPhone Developer";
				COPY_PHASE_STRIP = NO;
				DEBUG_INFORMATION_FORMAT = dwarf;
				ENABLE_STRICT_OBJC_MSGSEND = YES;
				ENABLE_TESTABILITY = YES;
				GCC_C_LANGUAGE_STANDARD = gnu11;
				GCC_DYNAMIC_NO_PIC = NO;
				GCC_NO_COMMON_BLOCKS = YES;
				GCC_OPTIMIZATION_LEVEL = 0;
				GCC_PREPROCESSOR_DEFINITIONS = (
					"DEBUG=1",
					"$(inherited)",
				);
				GCC_WARN_64_TO_32_BIT_CONVERSION = YES;
				GCC_WARN_ABOUT_RETURN_TYPE = YES_ERROR;
				GCC_WARN_UNDECLARED_SELECTOR = YES;
				GCC_WARN_UNINITIALIZED_AUTOS = YES_AGGRESSIVE;
				GCC_WARN_UNUSED_FUNCTION = YES;
				GCC_WARN_UNUSED_VARIABLE = YES;
				IPHONEOS_DEPLOYMENT_TARGET = 11.2;
				MTL_ENABLE_DEBUG_INFO = YES;
				ONLY_ACTIVE_ARCH = YES;
				SDKROOT = iphoneos;
			};
			name = Debug;
		};
		327AF705206B940300A95FC5 /* Release */ = {
			isa = XCBuildConfiguration;
			buildSettings = {
				ALWAYS_SEARCH_USER_PATHS = NO;
				CLANG_ANALYZER_NONNULL = YES;
				CLANG_ANALYZER_NUMBER_OBJECT_CONVERSION = YES_AGGRESSIVE;
				CLANG_CXX_LANGUAGE_STANDARD = "gnu++14";
				CLANG_CXX_LIBRARY = "libc++";
				CLANG_ENABLE_MODULES = YES;
				CLANG_ENABLE_OBJC_ARC = YES;
				CLANG_WARN_BLOCK_CAPTURE_AUTORELEASING = YES;
				CLANG_WARN_BOOL_CONVERSION = YES;
				CLANG_WARN_COMMA = YES;
				CLANG_WARN_CONSTANT_CONVERSION = YES;
				CLANG_WARN_DIRECT_OBJC_ISA_USAGE = YES_ERROR;
				CLANG_WARN_DOCUMENTATION_COMMENTS = YES;
				CLANG_WARN_EMPTY_BODY = YES;
				CLANG_WARN_ENUM_CONVERSION = YES;
				CLANG_WARN_INFINITE_RECURSION = YES;
				CLANG_WARN_INT_CONVERSION = YES;
				CLANG_WARN_NON_LITERAL_NULL_CONVERSION = YES;
				CLANG_WARN_OBJC_LITERAL_CONVERSION = YES;
				CLANG_WARN_OBJC_ROOT_CLASS = YES_ERROR;
				CLANG_WARN_RANGE_LOOP_ANALYSIS = YES;
				CLANG_WARN_STRICT_PROTOTYPES = YES;
				CLANG_WARN_SUSPICIOUS_MOVE = YES;
				CLANG_WARN_UNGUARDED_AVAILABILITY = YES_AGGRESSIVE;
				CLANG_WARN_UNREACHABLE_CODE = YES;
				CLANG_WARN__DUPLICATE_METHOD_MATCH = YES;
				CODE_SIGN_IDENTITY = "iPhone Developer";
				COPY_PHASE_STRIP = NO;
				DEBUG_INFORMATION_FORMAT = "dwarf-with-dsym";
				ENABLE_NS_ASSERTIONS = NO;
				ENABLE_STRICT_OBJC_MSGSEND = YES;
				GCC_C_LANGUAGE_STANDARD = gnu11;
				GCC_NO_COMMON_BLOCKS = YES;
				GCC_WARN_64_TO_32_BIT_CONVERSION = YES;
				GCC_WARN_ABOUT_RETURN_TYPE = YES_ERROR;
				GCC_WARN_UNDECLARED_SELECTOR = YES;
				GCC_WARN_UNINITIALIZED_AUTOS = YES_AGGRESSIVE;
				GCC_WARN_UNUSED_FUNCTION = YES;
				GCC_WARN_UNUSED_VARIABLE = YES;
				IPHONEOS_DEPLOYMENT_TARGET = 11.2;
				MTL_ENABLE_DEBUG_INFO = NO;
				SDKROOT = iphoneos;
				VALIDATE_PRODUCT = YES;
			};
			name = Release;
		};
		327AF707206B940300A95FC5 /* Debug */ = {
			isa = XCBuildConfiguration;
			buildSettings = {
				ASSETCATALOG_COMPILER_APPICON_NAME = AppIcon;
				CODE_SIGN_STYLE = Automatic;
				INFOPLIST_FILE = transitionDemo/Info.plist;
				LD_RUNPATH_SEARCH_PATHS = "$(inherited) @executable_path/Frameworks";
				PRODUCT_BUNDLE_IDENTIFIER = com.yang.transitionDemo;
				PRODUCT_NAME = "$(TARGET_NAME)";
				TARGETED_DEVICE_FAMILY = "1,2";
			};
			name = Debug;
		};
		327AF708206B940300A95FC5 /* Release */ = {
			isa = XCBuildConfiguration;
			buildSettings = {
				ASSETCATALOG_COMPILER_APPICON_NAME = AppIcon;
				CODE_SIGN_STYLE = Automatic;
				INFOPLIST_FILE = transitionDemo/Info.plist;
				LD_RUNPATH_SEARCH_PATHS = "$(inherited) @executable_path/Frameworks";
				PRODUCT_BUNDLE_IDENTIFIER = com.yang.transitionDemo;
				PRODUCT_NAME = "$(TARGET_NAME)";
				TARGETED_DEVICE_FAMILY = "1,2";
			};
			name = Release;
		};
/* End XCBuildConfiguration section */

/* Begin XCConfigurationList section */
		327AF6EB206B940200A95FC5 /* Build configuration list for PBXProject "transitionDemo" */ = {
			isa = XCConfigurationList;
			buildConfigurations = (
				327AF704206B940300A95FC5 /* Debug */,
				327AF705206B940300A95FC5 /* Release */,
			);
			defaultConfigurationIsVisible = 0;
			defaultConfigurationName = Release;
		};
		327AF706206B940300A95FC5 /* Build configuration list for PBXNativeTarget "transitionDemo" */ = {
			isa = XCConfigurationList;
			buildConfigurations = (
				327AF707206B940300A95FC5 /* Debug */,
				327AF708206B940300A95FC5 /* Release */,
			);
			defaultConfigurationIsVisible = 0;
			defaultConfigurationName = Release;
		};
/* End XCConfigurationList section */
	};
	rootObject = 327AF6E8206B940200A95FC5 /* Project object */;
}
